
Microsoft Visual Studio Solution File, Format Version 12.00
# Visual Studio Version 17
VisualStudioVersion = 17.0.31903.59
MinimumVisualStudioVersion = 10.0.40219.1
Project("{2150E333-8FDC-42A3-9474-1A3956D46DE8}") = "src", "src", "{712201D5-FBFE-469F-BAED-E2593F62AAF3}"
EndProject
Project("{FAE04EC0-301F-11D3-BF4B-00C04F79EFBC}") = "EsgAsAService.Web", "src\EsgAsAService.Web\EsgAsAService.Web.csproj", "{7A4EADB9-EC78-49CF-B736-1C805A03E663}"
EndProject
Project("{FAE04EC0-301F-11D3-BF4B-00C04F79EFBC}") = "EsgAsAService.Domain", "src\EsgAsAService.Domain\EsgAsAService.Domain.csproj", "{B082A565-82DB-47C6-8FE2-DBC9D65EE876}"
EndProject
Project("{FAE04EC0-301F-11D3-BF4B-00C04F79EFBC}") = "EsgAsAService.Application", "src\EsgAsAService.Application\EsgAsAService.Application.csproj", "{7125B476-9F67-4BE1-AC41-FB473A2CDE02}"
EndProject
Project("{FAE04EC0-301F-11D3-BF4B-00C04F79EFBC}") = "EsgAsAService.Infrastructure", "src\EsgAsAService.Infrastructure\EsgAsAService.Infrastructure.csproj", "{244AB2CE-DB35-4445-A218-F82753FF3F7E}"
EndProject
Project("{2150E333-8FDC-42A3-9474-1A3956D46DE8}") = "tests", "tests", "{395B5A0B-D71B-4D45-97C9-75F1C72C893A}"
EndProject
Project("{FAE04EC0-301F-11D3-BF4B-00C04F79EFBC}") = "EsgAsAService.Tests", "tests\EsgAsAService.Tests\EsgAsAService.Tests.csproj", "{F7F65F1B-2CFB-4995-A92C-283848D7747D}"
EndProject
Project("{FAE04EC0-301F-11D3-BF4B-00C04F79EFBC}") = "EsgAsAService.Api", "src\EsgAsAService.Api\EsgAsAService.Api.csproj", "{A1B2C3D4-1111-2222-3333-444455556666}"
EndProject
Project("{2150E333-8FDC-42A3-9474-1A3956D46DE8}") = "tools", "tools", "{07C2787E-EAC7-C090-1BA3-A61EC2A24D84}"
EndProject
Project("{FAE04EC0-301F-11D3-BF4B-00C04F79EFBC}") = "SchemaCoverage", "tools\SchemaCoverage\SchemaCoverage.csproj", "{6D657541-AF19-4ACC-B5B4-9CB005BF0220}"
EndProject
Global
	GlobalSection(SolutionConfigurationPlatforms) = preSolution
		Debug|Any CPU = Debug|Any CPU
		Debug|x64 = Debug|x64
		Debug|x86 = Debug|x86
		Release|Any CPU = Release|Any CPU
		Release|x64 = Release|x64
		Release|x86 = Release|x86
	EndGlobalSection
	GlobalSection(ProjectConfigurationPlatforms) = postSolution
		{7A4EADB9-EC78-49CF-B736-1C805A03E663}.Debug|Any CPU.ActiveCfg = Debug|Any CPU
		{7A4EADB9-EC78-49CF-B736-1C805A03E663}.Debug|Any CPU.Build.0 = Debug|Any CPU
		{7A4EADB9-EC78-49CF-B736-1C805A03E663}.Debug|x64.ActiveCfg = Debug|Any CPU
		{7A4EADB9-EC78-49CF-B736-1C805A03E663}.Debug|x64.Build.0 = Debug|Any CPU
		{7A4EADB9-EC78-49CF-B736-1C805A03E663}.Debug|x86.ActiveCfg = Debug|Any CPU
		{7A4EADB9-EC78-49CF-B736-1C805A03E663}.Debug|x86.Build.0 = Debug|Any CPU
		{7A4EADB9-EC78-49CF-B736-1C805A03E663}.Release|Any CPU.ActiveCfg = Release|Any CPU
		{7A4EADB9-EC78-49CF-B736-1C805A03E663}.Release|Any CPU.Build.0 = Release|Any CPU
		{7A4EADB9-EC78-49CF-B736-1C805A03E663}.Release|x64.ActiveCfg = Release|Any CPU
		{7A4EADB9-EC78-49CF-B736-1C805A03E663}.Release|x64.Build.0 = Release|Any CPU
		{7A4EADB9-EC78-49CF-B736-1C805A03E663}.Release|x86.ActiveCfg = Release|Any CPU
		{7A4EADB9-EC78-49CF-B736-1C805A03E663}.Release|x86.Build.0 = Release|Any CPU
		{B082A565-82DB-47C6-8FE2-DBC9D65EE876}.Debug|Any CPU.ActiveCfg = Debug|Any CPU
		{B082A565-82DB-47C6-8FE2-DBC9D65EE876}.Debug|Any CPU.Build.0 = Debug|Any CPU
		{B082A565-82DB-47C6-8FE2-DBC9D65EE876}.Debug|x64.ActiveCfg = Debug|Any CPU
		{B082A565-82DB-47C6-8FE2-DBC9D65EE876}.Debug|x64.Build.0 = Debug|Any CPU
		{B082A565-82DB-47C6-8FE2-DBC9D65EE876}.Debug|x86.ActiveCfg = Debug|Any CPU
		{B082A565-82DB-47C6-8FE2-DBC9D65EE876}.Debug|x86.Build.0 = Debug|Any CPU
		{B082A565-82DB-47C6-8FE2-DBC9D65EE876}.Release|Any CPU.ActiveCfg = Release|Any CPU
		{B082A565-82DB-47C6-8FE2-DBC9D65EE876}.Release|Any CPU.Build.0 = Release|Any CPU
		{B082A565-82DB-47C6-8FE2-DBC9D65EE876}.Release|x64.ActiveCfg = Release|Any CPU
		{B082A565-82DB-47C6-8FE2-DBC9D65EE876}.Release|x64.Build.0 = Release|Any CPU
		{B082A565-82DB-47C6-8FE2-DBC9D65EE876}.Release|x86.ActiveCfg = Release|Any CPU
		{B082A565-82DB-47C6-8FE2-DBC9D65EE876}.Release|x86.Build.0 = Release|Any CPU
		{7125B476-9F67-4BE1-AC41-FB473A2CDE02}.Debug|Any CPU.ActiveCfg = Debug|Any CPU
		{7125B476-9F67-4BE1-AC41-FB473A2CDE02}.Debug|Any CPU.Build.0 = Debug|Any CPU
		{7125B476-9F67-4BE1-AC41-FB473A2CDE02}.Debug|x64.ActiveCfg = Debug|Any CPU
		{7125B476-9F67-4BE1-AC41-FB473A2CDE02}.Debug|x64.Build.0 = Debug|Any CPU
		{7125B476-9F67-4BE1-AC41-FB473A2CDE02}.Debug|x86.ActiveCfg = Debug|Any CPU
		{7125B476-9F67-4BE1-AC41-FB473A2CDE02}.Debug|x86.Build.0 = Debug|Any CPU
		{7125B476-9F67-4BE1-AC41-FB473A2CDE02}.Release|Any CPU.ActiveCfg = Release|Any CPU
		{7125B476-9F67-4BE1-AC41-FB473A2CDE02}.Release|Any CPU.Build.0 = Release|Any CPU
		{7125B476-9F67-4BE1-AC41-FB473A2CDE02}.Release|x64.ActiveCfg = Release|Any CPU
		{7125B476-9F67-4BE1-AC41-FB473A2CDE02}.Release|x64.Build.0 = Release|Any CPU
		{7125B476-9F67-4BE1-AC41-FB473A2CDE02}.Release|x86.ActiveCfg = Release|Any CPU
		{7125B476-9F67-4BE1-AC41-FB473A2CDE02}.Release|x86.Build.0 = Release|Any CPU
		{244AB2CE-DB35-4445-A218-F82753FF3F7E}.Debug|Any CPU.ActiveCfg = Debug|Any CPU
		{244AB2CE-DB35-4445-A218-F82753FF3F7E}.Debug|Any CPU.Build.0 = Debug|Any CPU
		{244AB2CE-DB35-4445-A218-F82753FF3F7E}.Debug|x64.ActiveCfg = Debug|Any CPU
		{244AB2CE-DB35-4445-A218-F82753FF3F7E}.Debug|x64.Build.0 = Debug|Any CPU
		{244AB2CE-DB35-4445-A218-F82753FF3F7E}.Debug|x86.ActiveCfg = Debug|Any CPU
		{244AB2CE-DB35-4445-A218-F82753FF3F7E}.Debug|x86.Build.0 = Debug|Any CPU
		{244AB2CE-DB35-4445-A218-F82753FF3F7E}.Release|Any CPU.ActiveCfg = Release|Any CPU
		{244AB2CE-DB35-4445-A218-F82753FF3F7E}.Release|Any CPU.Build.0 = Release|Any CPU
		{244AB2CE-DB35-4445-A218-F82753FF3F7E}.Release|x64.ActiveCfg = Release|Any CPU
		{244AB2CE-DB35-4445-A218-F82753FF3F7E}.Release|x64.Build.0 = Release|Any CPU
		{244AB2CE-DB35-4445-A218-F82753FF3F7E}.Release|x86.ActiveCfg = Release|Any CPU
		{244AB2CE-DB35-4445-A218-F82753FF3F7E}.Release|x86.Build.0 = Release|Any CPU
		{F7F65F1B-2CFB-4995-A92C-283848D7747D}.Debug|Any CPU.ActiveCfg = Debug|Any CPU
		{F7F65F1B-2CFB-4995-A92C-283848D7747D}.Debug|Any CPU.Build.0 = Debug|Any CPU
		{F7F65F1B-2CFB-4995-A92C-283848D7747D}.Debug|x64.ActiveCfg = Debug|Any CPU
		{F7F65F1B-2CFB-4995-A92C-283848D7747D}.Debug|x64.Build.0 = Debug|Any CPU
		{F7F65F1B-2CFB-4995-A92C-283848D7747D}.Debug|x86.ActiveCfg = Debug|Any CPU
		{F7F65F1B-2CFB-4995-A92C-283848D7747D}.Debug|x86.Build.0 = Debug|Any CPU
		{F7F65F1B-2CFB-4995-A92C-283848D7747D}.Release|Any CPU.ActiveCfg = Release|Any CPU
		{F7F65F1B-2CFB-4995-A92C-283848D7747D}.Release|Any CPU.Build.0 = Release|Any CPU
		{F7F65F1B-2CFB-4995-A92C-283848D7747D}.Release|x64.ActiveCfg = Release|Any CPU
		{F7F65F1B-2CFB-4995-A92C-283848D7747D}.Release|x64.Build.0 = Release|Any CPU
		{F7F65F1B-2CFB-4995-A92C-283848D7747D}.Release|x86.ActiveCfg = Release|Any CPU
		{F7F65F1B-2CFB-4995-A92C-283848D7747D}.Release|x86.Build.0 = Release|Any CPU
		{A1B2C3D4-1111-2222-3333-444455556666}.Debug|Any CPU.ActiveCfg = Debug|Any CPU
		{A1B2C3D4-1111-2222-3333-444455556666}.Debug|Any CPU.Build.0 = Debug|Any CPU
		{A1B2C3D4-1111-2222-3333-444455556666}.Debug|x64.ActiveCfg = Debug|Any CPU
		{A1B2C3D4-1111-2222-3333-444455556666}.Debug|x64.Build.0 = Debug|Any CPU
		{A1B2C3D4-1111-2222-3333-444455556666}.Debug|x86.ActiveCfg = Debug|Any CPU
		{A1B2C3D4-1111-2222-3333-444455556666}.Debug|x86.Build.0 = Debug|Any CPU
		{A1B2C3D4-1111-2222-3333-444455556666}.Release|Any CPU.ActiveCfg = Release|Any CPU
		{A1B2C3D4-1111-2222-3333-444455556666}.Release|Any CPU.Build.0 = Release|Any CPU
		{A1B2C3D4-1111-2222-3333-444455556666}.Release|x64.ActiveCfg = Release|Any CPU
		{A1B2C3D4-1111-2222-3333-444455556666}.Release|x64.Build.0 = Release|Any CPU
		{A1B2C3D4-1111-2222-3333-444455556666}.Release|x86.ActiveCfg = Release|Any CPU
		{A1B2C3D4-1111-2222-3333-444455556666}.Release|x86.Build.0 = Release|Any CPU
		{6D657541-AF19-4ACC-B5B4-9CB005BF0220}.Debug|Any CPU.ActiveCfg = Debug|Any CPU
		{6D657541-AF19-4ACC-B5B4-9CB005BF0220}.Debug|Any CPU.Build.0 = Debug|Any CPU
		{6D657541-AF19-4ACC-B5B4-9CB005BF0220}.Debug|x64.ActiveCfg = Debug|Any CPU
		{6D657541-AF19-4ACC-B5B4-9CB005BF0220}.Debug|x64.Build.0 = Debug|Any CPU
		{6D657541-AF19-4ACC-B5B4-9CB005BF0220}.Debug|x86.ActiveCfg = Debug|Any CPU
		{6D657541-AF19-4ACC-B5B4-9CB005BF0220}.Debug|x86.Build.0 = Debug|Any CPU
		{6D657541-AF19-4ACC-B5B4-9CB005BF0220}.Release|Any CPU.ActiveCfg = Release|Any CPU
		{6D657541-AF19-4ACC-B5B4-9CB005BF0220}.Release|Any CPU.Build.0 = Release|Any CPU
		{6D657541-AF19-4ACC-B5B4-9CB005BF0220}.Release|x64.ActiveCfg = Release|Any CPU
		{6D657541-AF19-4ACC-B5B4-9CB005BF0220}.Release|x64.Build.0 = Release|Any CPU
		{6D657541-AF19-4ACC-B5B4-9CB005BF0220}.Release|x86.ActiveCfg = Release|Any CPU
		{6D657541-AF19-4ACC-B5B4-9CB005BF0220}.Release|x86.Build.0 = Release|Any CPU
	EndGlobalSection
	GlobalSection(SolutionProperties) = preSolution
		HideSolutionNode = FALSE
	EndGlobalSection
	GlobalSection(NestedProjects) = preSolution
		{7A4EADB9-EC78-49CF-B736-1C805A03E663} = {712201D5-FBFE-469F-BAED-E2593F62AAF3}
		{B082A565-82DB-47C6-8FE2-DBC9D65EE876} = {712201D5-FBFE-469F-BAED-E2593F62AAF3}
		{7125B476-9F67-4BE1-AC41-FB473A2CDE02} = {712201D5-FBFE-469F-BAED-E2593F62AAF3}
		{244AB2CE-DB35-4445-A218-F82753FF3F7E} = {712201D5-FBFE-469F-BAED-E2593F62AAF3}
		{F7F65F1B-2CFB-4995-A92C-283848D7747D} = {395B5A0B-D71B-4D45-97C9-75F1C72C893A}
		{A1B2C3D4-1111-2222-3333-444455556666} = {712201D5-FBFE-469F-BAED-E2593F62AAF3}
		{6D657541-AF19-4ACC-B5B4-9CB005BF0220} = {07C2787E-EAC7-C090-1BA3-A61EC2A24D84}
	EndGlobalSection
EndGlobal
